
Microsoft Visual Studio Solution File, Format Version 11.00
# Visual Studio 2010
Project("{8BC9CEB8-8B4A-11D0-8D11-00A0C91BC942}") = "newProj1", "newProj1\newProj1.vcxproj", "{D54F3D6D-FEFC-49AA-A36C-2175B24E8A4B}"
EndProject
Global
	GlobalSection(SolutionConfigurationPlatforms) = preSolution
		Debug|Win32 = Debug|Win32
		Release|Win32 = Release|Win32
	EndGlobalSection
	GlobalSection(ProjectConfigurationPlatforms) = postSolution
		{D54F3D6D-FEFC-49AA-A36C-2175B24E8A4B}.Debug|Win32.ActiveCfg = Debug|Win32
		{D54F3D6D-FEFC-49AA-A36C-2175B24E8A4B}.Debug|Win32.Build.0 = Debug|Win32
		{D54F3D6D-FEFC-49AA-A36C-2175B24E8A4B}.Release|Win32.ActiveCfg = Release|Win32
		{D54F3D6D-FEFC-49AA-A36C-2175B24E8A4B}.Release|Win32.Build.0 = Release|Win32
	EndGlobalSection
	GlobalSection(SolutionProperties) = preSolution
		HideSolutionNode = FALSE
	EndGlobalSection
EndGlobal
