
Microsoft Visual Studio Solution File, Format Version 11.00
# Visual Studio 2010
Project("{F184B08F-C81C-45F6-A57F-5ABD9991F28F}") = "MvcApplication1", "MvcApplication1\MvcApplication1.vbproj", "{0EC0173B-3958-4E31-BC13-BC26615C3C8E}"
EndProject
Project("{F184B08F-C81C-45F6-A57F-5ABD9991F28F}") = "MvcApplication1.Tests", "MvcApplication1.Tests\MvcApplication1.Tests.vbproj", "{70912B01-1D8B-4E0A-8918-5FFC18806851}"
EndProject
Global
	GlobalSection(SolutionConfigurationPlatforms) = preSolution
		Debug|Any CPU = Debug|Any CPU
		Release|Any CPU = Release|Any CPU
	EndGlobalSection
	GlobalSection(ProjectConfigurationPlatforms) = postSolution
		{0EC0173B-3958-4E31-BC13-BC26615C3C8E}.Debug|Any CPU.ActiveCfg = Debug|Any CPU
		{0EC0173B-3958-4E31-BC13-BC26615C3C8E}.Debug|Any CPU.Build.0 = Debug|Any CPU
		{0EC0173B-3958-4E31-BC13-BC26615C3C8E}.Release|Any CPU.ActiveCfg = Release|Any CPU
		{0EC0173B-3958-4E31-BC13-BC26615C3C8E}.Release|Any CPU.Build.0 = Release|Any CPU
		{70912B01-1D8B-4E0A-8918-5FFC18806851}.Debug|Any CPU.ActiveCfg = Debug|Any CPU
		{70912B01-1D8B-4E0A-8918-5FFC18806851}.Debug|Any CPU.Build.0 = Debug|Any CPU
		{70912B01-1D8B-4E0A-8918-5FFC18806851}.Release|Any CPU.ActiveCfg = Release|Any CPU
		{70912B01-1D8B-4E0A-8918-5FFC18806851}.Release|Any CPU.Build.0 = Release|Any CPU
	EndGlobalSection
	GlobalSection(SolutionProperties) = preSolution
		HideSolutionNode = FALSE
	EndGlobalSection
EndGlobal
